
Microsoft Visual Studio Solution File, Format Version 12.00
# Visual Studio Version 17
VisualStudioVersion = 17.12.35707.178
MinimumVisualStudioVersion = 10.0.40219.1
Project("{FAE04EC0-301F-11D3-BF4B-00C04F79EFBC}") = "BlueModus.Redirector.Web", "BlueModus.Redirector\BlueModus.Redirector.Web.csproj", "{9F76FF6B-BAAB-42BD-B3F6-C5EACFD70B6B}"
EndProject
Project("{FAE04EC0-301F-11D3-BF4B-00C04F79EFBC}") = "BlueModus.Redirector.Middleware", "BlueModus.Redirector.Middleware\BlueModus.Redirector.Middleware.csproj", "{FFC7A680-3D0A-4009-B4D8-A21EB4BF5CBD}"
EndProject
Project("{FAE04EC0-301F-11D3-BF4B-00C04F79EFBC}") = "BlueModus.Redirector.Middleware.Tests.Unit", "BlueModus.Redirector.Middleware.Tests.Unit\BlueModus.Redirector.Middleware.Tests.Unit.csproj", "{10AA9D42-FEC6-45F6-9609-D3F4FE708BA5}"
EndProject
Project("{2150E333-8FDC-42A3-9474-1A3956D46DE8}") = "Solution Items", "Solution Items", "{7424EC68-A7AD-4881-BF5F-3C4242513600}"
	ProjectSection(SolutionItems) = preProject
		README.md = README.md
	EndProjectSection
EndProject
Global
	GlobalSection(SolutionConfigurationPlatforms) = preSolution
		Debug|Any CPU = Debug|Any CPU
		Release|Any CPU = Release|Any CPU
	EndGlobalSection
	GlobalSection(ProjectConfigurationPlatforms) = postSolution
		{9F76FF6B-BAAB-42BD-B3F6-C5EACFD70B6B}.Debug|Any CPU.ActiveCfg = Debug|Any CPU
		{9F76FF6B-BAAB-42BD-B3F6-C5EACFD70B6B}.Debug|Any CPU.Build.0 = Debug|Any CPU
		{9F76FF6B-BAAB-42BD-B3F6-C5EACFD70B6B}.Release|Any CPU.ActiveCfg = Release|Any CPU
		{9F76FF6B-BAAB-42BD-B3F6-C5EACFD70B6B}.Release|Any CPU.Build.0 = Release|Any CPU
		{FFC7A680-3D0A-4009-B4D8-A21EB4BF5CBD}.Debug|Any CPU.ActiveCfg = Debug|Any CPU
		{FFC7A680-3D0A-4009-B4D8-A21EB4BF5CBD}.Debug|Any CPU.Build.0 = Debug|Any CPU
		{FFC7A680-3D0A-4009-B4D8-A21EB4BF5CBD}.Release|Any CPU.ActiveCfg = Release|Any CPU
		{FFC7A680-3D0A-4009-B4D8-A21EB4BF5CBD}.Release|Any CPU.Build.0 = Release|Any CPU
		{10AA9D42-FEC6-45F6-9609-D3F4FE708BA5}.Debug|Any CPU.ActiveCfg = Debug|Any CPU
		{10AA9D42-FEC6-45F6-9609-D3F4FE708BA5}.Debug|Any CPU.Build.0 = Debug|Any CPU
		{10AA9D42-FEC6-45F6-9609-D3F4FE708BA5}.Release|Any CPU.ActiveCfg = Release|Any CPU
		{10AA9D42-FEC6-45F6-9609-D3F4FE708BA5}.Release|Any CPU.Build.0 = Release|Any CPU
	EndGlobalSection
	GlobalSection(SolutionProperties) = preSolution
		HideSolutionNode = FALSE
	EndGlobalSection
EndGlobal
